// !$*UTF8*$!
{
	archiveVersion = 1;
	classes = {
	};
	objectVersion = 56;
	objects = {

/* Begin PBXBuildFile section */
		3D3EF1952AB2A0B4001AFF0C /* LocationManagerSwiftUIApp.swift in Sources */ = {isa = PBXBuildFile; fileRef = 3D3EF1942AB2A0B4001AFF0C /* LocationManagerSwiftUIApp.swift */; };
		3D3EF1992AB2A0B5001AFF0C /* Assets.xcassets in Resources */ = {isa = PBXBuildFile; fileRef = 3D3EF1982AB2A0B5001AFF0C /* Assets.xcassets */; };
		3D3EF19C2AB2A0B5001AFF0C /* Preview Assets.xcassets in Resources */ = {isa = PBXBuildFile; fileRef = 3D3EF19B2AB2A0B5001AFF0C /* Preview Assets.xcassets */; };
		3D3EF1A42AB2A11A001AFF0C /* Location.swift in Sources */ = {isa = PBXBuildFile; fileRef = 3D3EF1A32AB2A11A001AFF0C /* Location.swift */; };
		3D3EF1A72AB2A273001AFF0C /* LocationDataService.swift in Sources */ = {isa = PBXBuildFile; fileRef = 3D3EF1A62AB2A273001AFF0C /* LocationDataService.swift */; };
		3D3EF1AA2AB2A7F4001AFF0C /* LocationViewModel.swift in Sources */ = {isa = PBXBuildFile; fileRef = 3D3EF1A92AB2A7F4001AFF0C /* LocationViewModel.swift */; };
		3D3EF1AD2AB2B4F8001AFF0C /* LocationView.swift in Sources */ = {isa = PBXBuildFile; fileRef = 3D3EF1AC2AB2B4F8001AFF0C /* LocationView.swift */; };
		3D3EF1AF2AB2B630001AFF0C /* LocationMapAnnotionView.swift in Sources */ = {isa = PBXBuildFile; fileRef = 3D3EF1AE2AB2B630001AFF0C /* LocationMapAnnotionView.swift */; };
		3D3EF1B12AB2BE4E001AFF0C /* LocationListView.swift in Sources */ = {isa = PBXBuildFile; fileRef = 3D3EF1B02AB2BE4E001AFF0C /* LocationListView.swift */; };
		3D3EF1B32AB2C11C001AFF0C /* LocationPreviewView.swift in Sources */ = {isa = PBXBuildFile; fileRef = 3D3EF1B22AB2C11C001AFF0C /* LocationPreviewView.swift */; };
		3D3EF1B52AB2C82F001AFF0C /* LocationDetailView.swift in Sources */ = {isa = PBXBuildFile; fileRef = 3D3EF1B42AB2C82F001AFF0C /* LocationDetailView.swift */; };
/* End PBXBuildFile section */

/* Begin PBXFileReference section */
		3D3EF1912AB2A0B4001AFF0C /* MapKitExample.app */ = {isa = PBXFileReference; explicitFileType = wrapper.application; includeInIndex = 0; path = MapKitExample.app; sourceTree = BUILT_PRODUCTS_DIR; };
		3D3EF1942AB2A0B4001AFF0C /* LocationManagerSwiftUIApp.swift */ = {isa = PBXFileReference; lastKnownFileType = sourcecode.swift; path = LocationManagerSwiftUIApp.swift; sourceTree = "<group>"; };
		3D3EF1982AB2A0B5001AFF0C /* Assets.xcassets */ = {isa = PBXFileReference; lastKnownFileType = folder.assetcatalog; path = Assets.xcassets; sourceTree = "<group>"; };
		3D3EF19B2AB2A0B5001AFF0C /* Preview Assets.xcassets */ = {isa = PBXFileReference; lastKnownFileType = folder.assetcatalog; path = "Preview Assets.xcassets"; sourceTree = "<group>"; };
		3D3EF1A32AB2A11A001AFF0C /* Location.swift */ = {isa = PBXFileReference; lastKnownFileType = sourcecode.swift; path = Location.swift; sourceTree = "<group>"; };
		3D3EF1A62AB2A273001AFF0C /* LocationDataService.swift */ = {isa = PBXFileReference; lastKnownFileType = sourcecode.swift; path = LocationDataService.swift; sourceTree = "<group>"; };
		3D3EF1A92AB2A7F4001AFF0C /* LocationViewModel.swift */ = {isa = PBXFileReference; lastKnownFileType = sourcecode.swift; path = LocationViewModel.swift; sourceTree = "<group>"; };
		3D3EF1AC2AB2B4F8001AFF0C /* LocationView.swift */ = {isa = PBXFileReference; lastKnownFileType = sourcecode.swift; path = LocationView.swift; sourceTree = "<group>"; };
		3D3EF1AE2AB2B630001AFF0C /* LocationMapAnnotionView.swift */ = {isa = PBXFileReference; lastKnownFileType = sourcecode.swift; path = LocationMapAnnotionView.swift; sourceTree = "<group>"; };
		3D3EF1B02AB2BE4E001AFF0C /* LocationListView.swift */ = {isa = PBXFileReference; lastKnownFileType = sourcecode.swift; path = LocationListView.swift; sourceTree = "<group>"; };
		3D3EF1B22AB2C11C001AFF0C /* LocationPreviewView.swift */ = {isa = PBXFileReference; lastKnownFileType = sourcecode.swift; path = LocationPreviewView.swift; sourceTree = "<group>"; };
		3D3EF1B42AB2C82F001AFF0C /* LocationDetailView.swift */ = {isa = PBXFileReference; lastKnownFileType = sourcecode.swift; path = LocationDetailView.swift; sourceTree = "<group>"; };
/* End PBXFileReference section */

/* Begin PBXFrameworksBuildPhase section */
		3D3EF18E2AB2A0B4001AFF0C /* Frameworks */ = {
			isa = PBXFrameworksBuildPhase;
			buildActionMask = 2147483647;
			files = (
			);
			runOnlyForDeploymentPostprocessing = 0;
		};
/* End PBXFrameworksBuildPhase section */

/* Begin PBXGroup section */
		3D3EF1882AB2A0B4001AFF0C = {
			isa = PBXGroup;
			children = (
				3D3EF1932AB2A0B4001AFF0C /* LocationManagerSwiftUI */,
				3D3EF1922AB2A0B4001AFF0C /* Products */,
			);
			sourceTree = "<group>";
		};
		3D3EF1922AB2A0B4001AFF0C /* Products */ = {
			isa = PBXGroup;
			children = (
				3D3EF1912AB2A0B4001AFF0C /* MapKitExample.app */,
			);
			name = Products;
			sourceTree = "<group>";
		};
		3D3EF1932AB2A0B4001AFF0C /* LocationManagerSwiftUI */ = {
			isa = PBXGroup;
			children = (
				3D3EF1AB2AB2B4E5001AFF0C /* Views */,
				3D3EF1A82AB2A7E4001AFF0C /* ViewModels */,
				3D3EF1A52AB2A25B001AFF0C /* DataServices */,
				3D3EF1A22AB2A110001AFF0C /* Models */,
				3D3EF1942AB2A0B4001AFF0C /* LocationManagerSwiftUIApp.swift */,
				3D3EF1982AB2A0B5001AFF0C /* Assets.xcassets */,
				3D3EF19A2AB2A0B5001AFF0C /* Preview Content */,
			);
			path = LocationManagerSwiftUI;
			sourceTree = "<group>";
		};
		3D3EF19A2AB2A0B5001AFF0C /* Preview Content */ = {
			isa = PBXGroup;
			children = (
				3D3EF19B2AB2A0B5001AFF0C /* Preview Assets.xcassets */,
			);
			path = "Preview Content";
			sourceTree = "<group>";
		};
		3D3EF1A22AB2A110001AFF0C /* Models */ = {
			isa = PBXGroup;
			children = (
				3D3EF1A32AB2A11A001AFF0C /* Location.swift */,
			);
			path = Models;
			sourceTree = "<group>";
		};
		3D3EF1A52AB2A25B001AFF0C /* DataServices */ = {
			isa = PBXGroup;
			children = (
				3D3EF1A62AB2A273001AFF0C /* LocationDataService.swift */,
			);
			path = DataServices;
			sourceTree = "<group>";
		};
		3D3EF1A82AB2A7E4001AFF0C /* ViewModels */ = {
			isa = PBXGroup;
			children = (
				3D3EF1A92AB2A7F4001AFF0C /* LocationViewModel.swift */,
			);
			path = ViewModels;
			sourceTree = "<group>";
		};
		3D3EF1AB2AB2B4E5001AFF0C /* Views */ = {
			isa = PBXGroup;
			children = (
				3D3EF1AC2AB2B4F8001AFF0C /* LocationView.swift */,
				3D3EF1B42AB2C82F001AFF0C /* LocationDetailView.swift */,
				3D3EF1AE2AB2B630001AFF0C /* LocationMapAnnotionView.swift */,
				3D3EF1B02AB2BE4E001AFF0C /* LocationListView.swift */,
				3D3EF1B22AB2C11C001AFF0C /* LocationPreviewView.swift */,
			);
			path = Views;
			sourceTree = "<group>";
		};
/* End PBXGroup section */

/* Begin PBXNativeTarget section */
		3D3EF1902AB2A0B4001AFF0C /* MapKitExample */ = {
			isa = PBXNativeTarget;
			buildConfigurationList = 3D3EF19F2AB2A0B5001AFF0C /* Build configuration list for PBXNativeTarget "MapKitExample" */;
			buildPhases = (
				3D3EF18D2AB2A0B4001AFF0C /* Sources */,
				3D3EF18E2AB2A0B4001AFF0C /* Frameworks */,
				3D3EF18F2AB2A0B4001AFF0C /* Resources */,
			);
			buildRules = (
			);
			dependencies = (
			);
			name = MapKitExample;
			productName = LocationManagerSwiftUI;
			productReference = 3D3EF1912AB2A0B4001AFF0C /* MapKitExample.app */;
			productType = "com.apple.product-type.application";
		};
/* End PBXNativeTarget section */

/* Begin PBXProject section */
		3D3EF1892AB2A0B4001AFF0C /* Project object */ = {
			isa = PBXProject;
			attributes = {
				BuildIndependentTargetsInParallel = 1;
				LastSwiftUpdateCheck = 1500;
				LastUpgradeCheck = 1500;
				TargetAttributes = {
					3D3EF1902AB2A0B4001AFF0C = {
						CreatedOnToolsVersion = 15.0;
					};
				};
			};
			buildConfigurationList = 3D3EF18C2AB2A0B4001AFF0C /* Build configuration list for PBXProject "MapKitExample" */;
			compatibilityVersion = "Xcode 14.0";
			developmentRegion = en;
			hasScannedForEncodings = 0;
			knownRegions = (
				en,
				Base,
			);
			mainGroup = 3D3EF1882AB2A0B4001AFF0C;
			productRefGroup = 3D3EF1922AB2A0B4001AFF0C /* Products */;
			projectDirPath = "";
			projectRoot = "";
			targets = (
				3D3EF1902AB2A0B4001AFF0C /* MapKitExample */,
			);
		};
/* End PBXProject section */

/* Begin PBXResourcesBuildPhase section */
		3D3EF18F2AB2A0B4001AFF0C /* Resources */ = {
			isa = PBXResourcesBuildPhase;
			buildActionMask = 2147483647;
			files = (
				3D3EF19C2AB2A0B5001AFF0C /* Preview Assets.xcassets in Resources */,
				3D3EF1992AB2A0B5001AFF0C /* Assets.xcassets in Resources */,
			);
			runOnlyForDeploymentPostprocessing = 0;
		};
/* End PBXResourcesBuildPhase section */

/* Begin PBXSourcesBuildPhase section */
		3D3EF18D2AB2A0B4001AFF0C /* Sources */ = {
			isa = PBXSourcesBuildPhase;
			buildActionMask = 2147483647;
			files = (
				3D3EF1A72AB2A273001AFF0C /* LocationDataService.swift in Sources */,
				3D3EF1B12AB2BE4E001AFF0C /* LocationListView.swift in Sources */,
				3D3EF1AD2AB2B4F8001AFF0C /* LocationView.swift in Sources */,
				3D3EF1B32AB2C11C001AFF0C /* LocationPreviewView.swift in Sources */,
				3D3EF1A42AB2A11A001AFF0C /* Location.swift in Sources */,
				3D3EF1AF2AB2B630001AFF0C /* LocationMapAnnotionView.swift in Sources */,
				3D3EF1AA2AB2A7F4001AFF0C /* LocationViewModel.swift in Sources */,
				3D3EF1B52AB2C82F001AFF0C /* LocationDetailView.swift in Sources */,
				3D3EF1952AB2A0B4001AFF0C /* LocationManagerSwiftUIApp.swift in Sources */,
			);
			runOnlyForDeploymentPostprocessing = 0;
		};
/* End PBXSourcesBuildPhase section */

/* Begin XCBuildConfiguration section */
		3D3EF19D2AB2A0B5001AFF0C /* Debug */ = {
			isa = XCBuildConfiguration;
			buildSettings = {
				ALWAYS_SEARCH_USER_PATHS = NO;
				ASSETCATALOG_COMPILER_GENERATE_SWIFT_ASSET_SYMBOL_EXTENSIONS = YES;
				CLANG_ANALYZER_NONNULL = YES;
				CLANG_ANALYZER_NUMBER_OBJECT_CONVERSION = YES_AGGRESSIVE;
				CLANG_CXX_LANGUAGE_STANDARD = "gnu++20";
				CLANG_ENABLE_MODULES = YES;
				CLANG_ENABLE_OBJC_ARC = YES;
				CLANG_ENABLE_OBJC_WEAK = YES;
				CLANG_WARN_BLOCK_CAPTURE_AUTORELEASING = YES;
				CLANG_WARN_BOOL_CONVERSION = YES;
				CLANG_WARN_COMMA = YES;
				CLANG_WARN_CONSTANT_CONVERSION = YES;
				CLANG_WARN_DEPRECATED_OBJC_IMPLEMENTATIONS = YES;
				CLANG_WARN_DIRECT_OBJC_ISA_USAGE = YES_ERROR;
				CLANG_WARN_DOCUMENTATION_COMMENTS = YES;
				CLANG_WARN_EMPTY_BODY = YES;
				CLANG_WARN_ENUM_CONVERSION = YES;
				CLANG_WARN_INFINITE_RECURSION = YES;
				CLANG_WARN_INT_CONVERSION = YES;
				CLANG_WARN_NON_LITERAL_NULL_CONVERSION = YES;
				CLANG_WARN_OBJC_IMPLICIT_RETAIN_SELF = YES;
				CLANG_WARN_OBJC_LITERAL_CONVERSION = YES;
				CLANG_WARN_OBJC_ROOT_CLASS = YES_ERROR;
				CLANG_WARN_QUOTED_INCLUDE_IN_FRAMEWORK_HEADER = YES;
				CLANG_WARN_RANGE_LOOP_ANALYSIS = YES;
				CLANG_WARN_STRICT_PROTOTYPES = YES;
				CLANG_WARN_SUSPICIOUS_MOVE = YES;
				CLANG_WARN_UNGUARDED_AVAILABILITY = YES_AGGRESSIVE;
				CLANG_WARN_UNREACHABLE_CODE = YES;
				CLANG_WARN__DUPLICATE_METHOD_MATCH = YES;
				COPY_PHASE_STRIP = NO;
				DEBUG_INFORMATION_FORMAT = dwarf;
				ENABLE_STRICT_OBJC_MSGSEND = YES;
				ENABLE_TESTABILITY = YES;
				ENABLE_USER_SCRIPT_SANDBOXING = YES;
				GCC_C_LANGUAGE_STANDARD = gnu17;
				GCC_DYNAMIC_NO_PIC = NO;
				GCC_NO_COMMON_BLOCKS = YES;
				GCC_OPTIMIZATION_LEVEL = 0;
				GCC_PREPROCESSOR_DEFINITIONS = (
					"DEBUG=1",
					"$(inherited)",
				);
				GCC_WARN_64_TO_32_BIT_CONVERSION = YES;
				GCC_WARN_ABOUT_RETURN_TYPE = YES_ERROR;
				GCC_WARN_UNDECLARED_SELECTOR = YES;
				GCC_WARN_UNINITIALIZED_AUTOS = YES_AGGRESSIVE;
				GCC_WARN_UNUSED_FUNCTION = YES;
				GCC_WARN_UNUSED_VARIABLE = YES;
				IPHONEOS_DEPLOYMENT_TARGET = 17.0;
				LOCALIZATION_PREFERS_STRING_CATALOGS = YES;
				MTL_ENABLE_DEBUG_INFO = INCLUDE_SOURCE;
				MTL_FAST_MATH = YES;
				ONLY_ACTIVE_ARCH = YES;
				SDKROOT = iphoneos;
				SWIFT_ACTIVE_COMPILATION_CONDITIONS = "DEBUG $(inherited)";
				SWIFT_OPTIMIZATION_LEVEL = "-Onone";
			};
			name = Debug;
		};
		3D3EF19E2AB2A0B5001AFF0C /* Release */ = {
			isa = XCBuildConfiguration;
			buildSettings = {
				ALWAYS_SEARCH_USER_PATHS = NO;
				ASSETCATALOG_COMPILER_GENERATE_SWIFT_ASSET_SYMBOL_EXTENSIONS = YES;
				CLANG_ANALYZER_NONNULL = YES;
				CLANG_ANALYZER_NUMBER_OBJECT_CONVERSION = YES_AGGRESSIVE;
				CLANG_CXX_LANGUAGE_STANDARD = "gnu++20";
				CLANG_ENABLE_MODULES = YES;
				CLANG_ENABLE_OBJC_ARC = YES;
				CLANG_ENABLE_OBJC_WEAK = YES;
				CLANG_WARN_BLOCK_CAPTURE_AUTORELEASING = YES;
				CLANG_WARN_BOOL_CONVERSION = YES;
				CLANG_WARN_COMMA = YES;
				CLANG_WARN_CONSTANT_CONVERSION = YES;
				CLANG_WARN_DEPRECATED_OBJC_IMPLEMENTATIONS = YES;
				CLANG_WARN_DIRECT_OBJC_ISA_USAGE = YES_ERROR;
				CLANG_WARN_DOCUMENTATION_COMMENTS = YES;
				CLANG_WARN_EMPTY_BODY = YES;
				CLANG_WARN_ENUM_CONVERSION = YES;
				CLANG_WARN_INFINITE_RECURSION = YES;
				CLANG_WARN_INT_CONVERSION = YES;
				CLANG_WARN_NON_LITERAL_NULL_CONVERSION = YES;
				CLANG_WARN_OBJC_IMPLICIT_RETAIN_SELF = YES;
				CLANG_WARN_OBJC_LITERAL_CONVERSION = YES;
				CLANG_WARN_OBJC_ROOT_CLASS = YES_ERROR;
				CLANG_WARN_QUOTED_INCLUDE_IN_FRAMEWORK_HEADER = YES;
				CLANG_WARN_RANGE_LOOP_ANALYSIS = YES;
				CLANG_WARN_STRICT_PROTOTYPES = YES;
				CLANG_WARN_SUSPICIOUS_MOVE = YES;
				CLANG_WARN_UNGUARDED_AVAILABILITY = YES_AGGRESSIVE;
				CLANG_WARN_UNREACHABLE_CODE = YES;
				CLANG_WARN__DUPLICATE_METHOD_MATCH = YES;
				COPY_PHASE_STRIP = NO;
				DEBUG_INFORMATION_FORMAT = "dwarf-with-dsym";
				ENABLE_NS_ASSERTIONS = NO;
				ENABLE_STRICT_OBJC_MSGSEND = YES;
				ENABLE_USER_SCRIPT_SANDBOXING = YES;
				GCC_C_LANGUAGE_STANDARD = gnu17;
				GCC_NO_COMMON_BLOCKS = YES;
				GCC_WARN_64_TO_32_BIT_CONVERSION = YES;
				GCC_WARN_ABOUT_RETURN_TYPE = YES_ERROR;
				GCC_WARN_UNDECLARED_SELECTOR = YES;
				GCC_WARN_UNINITIALIZED_AUTOS = YES_AGGRESSIVE;
				GCC_WARN_UNUSED_FUNCTION = YES;
				GCC_WARN_UNUSED_VARIABLE = YES;
				IPHONEOS_DEPLOYMENT_TARGET = 17.0;
				LOCALIZATION_PREFERS_STRING_CATALOGS = YES;
				MTL_ENABLE_DEBUG_INFO = NO;
				MTL_FAST_MATH = YES;
				SDKROOT = iphoneos;
				SWIFT_COMPILATION_MODE = wholemodule;
				VALIDATE_PRODUCT = YES;
			};
			name = Release;
		};
		3D3EF1A02AB2A0B5001AFF0C /* Debug */ = {
			isa = XCBuildConfiguration;
			buildSettings = {
				ASSETCATALOG_COMPILER_APPICON_NAME = AppIcon;
				ASSETCATALOG_COMPILER_GLOBAL_ACCENT_COLOR_NAME = AccentColor;
				CODE_SIGN_STYLE = Automatic;
				CURRENT_PROJECT_VERSION = 1;
				DEVELOPMENT_ASSET_PATHS = "\"LocationManagerSwiftUI/Preview Content\"";
				ENABLE_PREVIEWS = YES;
				GENERATE_INFOPLIST_FILE = YES;
				INFOPLIST_KEY_UIApplicationSceneManifest_Generation = YES;
				INFOPLIST_KEY_UIApplicationSupportsIndirectInputEvents = YES;
				INFOPLIST_KEY_UILaunchScreen_Generation = YES;
				INFOPLIST_KEY_UISupportedInterfaceOrientations_iPad = "UIInterfaceOrientationPortrait UIInterfaceOrientationPortraitUpsideDown UIInterfaceOrientationLandscapeLeft UIInterfaceOrientationLandscapeRight";
				INFOPLIST_KEY_UISupportedInterfaceOrientations_iPhone = "UIInterfaceOrientationPortrait UIInterfaceOrientationLandscapeLeft UIInterfaceOrientationLandscapeRight";
				LD_RUNPATH_SEARCH_PATHS = (
					"$(inherited)",
					"@executable_path/Frameworks",
				);
				MARKETING_VERSION = 1.0;
				PRODUCT_BUNDLE_IDENTIFIER = com.LocationManagerSwiftUI;
				PRODUCT_NAME = "$(TARGET_NAME)";
				SWIFT_EMIT_LOC_STRINGS = YES;
				SWIFT_VERSION = 5.0;
				TARGETED_DEVICE_FAMILY = "1,2";
			};
			name = Debug;
		};
		3D3EF1A12AB2A0B5001AFF0C /* Release */ = {
			isa = XCBuildConfiguration;
			buildSettings = {
				ASSETCATALOG_COMPILER_APPICON_NAME = AppIcon;
				ASSETCATALOG_COMPILER_GLOBAL_ACCENT_COLOR_NAME = AccentColor;
				CODE_SIGN_STYLE = Automatic;
				CURRENT_PROJECT_VERSION = 1;
				DEVELOPMENT_ASSET_PATHS = "\"LocationManagerSwiftUI/Preview Content\"";
				ENABLE_PREVIEWS = YES;
				GENERATE_INFOPLIST_FILE = YES;
				INFOPLIST_KEY_UIApplicationSceneManifest_Generation = YES;
				INFOPLIST_KEY_UIApplicationSupportsIndirectInputEvents = YES;
				INFOPLIST_KEY_UILaunchScreen_Generation = YES;
				INFOPLIST_KEY_UISupportedInterfaceOrientations_iPad = "UIInterfaceOrientationPortrait UIInterfaceOrientationPortraitUpsideDown UIInterfaceOrientationLandscapeLeft UIInterfaceOrientationLandscapeRight";
				INFOPLIST_KEY_UISupportedInterfaceOrientations_iPhone = "UIInterfaceOrientationPortrait UIInterfaceOrientationLandscapeLeft UIInterfaceOrientationLandscapeRight";
				LD_RUNPATH_SEARCH_PATHS = (
					"$(inherited)",
					"@executable_path/Frameworks",
				);
				MARKETING_VERSION = 1.0;
				PRODUCT_BUNDLE_IDENTIFIER = com.LocationManagerSwiftUI;
				PRODUCT_NAME = "$(TARGET_NAME)";
				SWIFT_EMIT_LOC_STRINGS = YES;
				SWIFT_VERSION = 5.0;
				TARGETED_DEVICE_FAMILY = "1,2";
			};
			name = Release;
		};
/* End XCBuildConfiguration section */

/* Begin XCConfigurationList section */
		3D3EF18C2AB2A0B4001AFF0C /* Build configuration list for PBXProject "MapKitExample" */ = {
			isa = XCConfigurationList;
			buildConfigurations = (
				3D3EF19D2AB2A0B5001AFF0C /* Debug */,
				3D3EF19E2AB2A0B5001AFF0C /* Release */,
			);
			defaultConfigurationIsVisible = 0;
			defaultConfigurationName = Release;
		};
		3D3EF19F2AB2A0B5001AFF0C /* Build configuration list for PBXNativeTarget "MapKitExample" */ = {
			isa = XCConfigurationList;
			buildConfigurations = (
				3D3EF1A02AB2A0B5001AFF0C /* Debug */,
				3D3EF1A12AB2A0B5001AFF0C /* Release */,
			);
			defaultConfigurationIsVisible = 0;
			defaultConfigurationName = Release;
		};
/* End XCConfigurationList section */
	};
	rootObject = 3D3EF1892AB2A0B4001AFF0C /* Project object */;
}
